{
  "version": 4,
  "terraform_version": "1.9.2",
  "serial": 328,
  "lineage": "0bfc4d4d-07a1-21cb-e8b9-738e76b97cee",
  "outputs": {},
  "resources": [
    {
      "mode": "managed",
      "type": "snowflake_database",
      "name": "cdwdev",
      "provider": "provider[\"registry.terraform.io/snowflake-labs/snowflake\"]",
      "instances": [
        {
          "schema_version": 0,
          "attributes": {
            "comment": "",
            "data_retention_time_in_days": -1,
            "from_database": null,
            "from_replica": null,
            "from_share": null,
            "id": "cdwdev",
            "is_transient": false,
            "name": "cdwdev",
            "replication_configuration": []
          },
          "sensitive_attributes": [],
          "private": "bnVsbA=="
        }
      ]
    },
    {
      "mode": "managed",
      "type": "snowflake_database_grant",
      "name": "db_grant",
      "provider": "provider[\"registry.terraform.io/snowflake-labs/snowflake\"]",
      "instances": [
        {
          "schema_version": 0,
          "attributes": {
            "database_name": "cdwdev",
            "enable_multiple_grants": false,
            "id": "cdwdev|usage|true|svc_hr_dev_role,svc_rw_dev_role,svc_finance_dev_role,svc_transcation_dev_role|",
            "privilege": "usage",
            "revert_ownership_to_role_name": null,
            "roles": [
              "svc_finance_dev_role",
              "svc_hr_dev_role",
              "svc_rw_dev_role",
              "svc_transcation_dev_role"
            ],
            "shares": null,
            "with_grant_option": true
          },
          "sensitive_attributes": [],
          "private": "bnVsbA==",
          "dependencies": [
            "snowflake_database.cdwdev",
            "snowflake_role.developer",
            "snowflake_role.finance",
            "snowflake_role.hr",
            "snowflake_role.tranacation"
          ]
        }
      ]
    },
    {
      "mode": "managed",
      "type": "snowflake_role",
      "name": "developer",
      "provider": "provider[\"registry.terraform.io/snowflake-labs/snowflake\"]",
      "instances": [
        {
          "schema_version": 0,
          "attributes": {
            "comment": "",
            "id": "svc_rw_dev_role",
            "name": "svc_rw_dev_role",
            "tag": []
          },
          "sensitive_attributes": [],
          "private": "bnVsbA=="
        }
      ]
    },
    {
      "mode": "managed",
      "type": "snowflake_role",
      "name": "finance",
      "provider": "provider[\"registry.terraform.io/snowflake-labs/snowflake\"]",
      "instances": [
        {
          "schema_version": 0,
          "attributes": {
            "comment": "",
            "id": "svc_finance_dev_role",
            "name": "svc_finance_dev_role",
            "tag": []
          },
          "sensitive_attributes": [],
          "private": "bnVsbA=="
        }
      ]
    },
    {
      "mode": "managed",
      "type": "snowflake_role",
      "name": "hr",
      "provider": "provider[\"registry.terraform.io/snowflake-labs/snowflake\"]",
      "instances": [
        {
          "schema_version": 0,
          "attributes": {
            "comment": "",
            "id": "svc_hr_dev_role",
            "name": "svc_hr_dev_role",
            "tag": []
          },
          "sensitive_attributes": [],
          "private": "bnVsbA=="
        }
      ]
    },
    {
      "mode": "managed",
      "type": "snowflake_role",
      "name": "tranacation",
      "provider": "provider[\"registry.terraform.io/snowflake-labs/snowflake\"]",
      "instances": [
        {
          "schema_version": 0,
          "attributes": {
            "comment": "",
            "id": "svc_transcation_dev_role",
            "name": "svc_transcation_dev_role",
            "tag": []
          },
          "sensitive_attributes": [],
          "private": "bnVsbA=="
        }
      ]
    },
    {
      "mode": "managed",
      "type": "snowflake_role_grants",
      "name": "dev_role",
      "provider": "provider[\"registry.terraform.io/snowflake-labs/snowflake\"]",
      "instances": [
        {
          "schema_version": 0,
          "attributes": {
            "enable_multiple_grants": false,
            "id": "svc_rw_dev_role||svc_etl_deployment_dev_user",
            "role_name": "svc_rw_dev_role",
            "roles": null,
            "users": [
              "svc_etl_deployment_dev_user"
            ]
          },
          "sensitive_attributes": [
            [
              {
                "type": "get_attr",
                "value": "users"
              }
            ]
          ],
          "private": "bnVsbA==",
          "dependencies": [
            "snowflake_role.developer",
            "snowflake_user.etl"
          ]
        }
      ]
    },
    {
      "mode": "managed",
      "type": "snowflake_role_grants",
      "name": "finance_role",
      "provider": "provider[\"registry.terraform.io/snowflake-labs/snowflake\"]",
      "instances": [
        {
          "schema_version": 0,
          "attributes": {
            "enable_multiple_grants": false,
            "id": "svc_finance_dev_role|AD_BANK_ANALYST,AD_FINANCE_ANALYST|",
            "role_name": "svc_finance_dev_role",
            "roles": [
              "AD_BANK_ANALYST",
              "AD_FINANCE_ANALYST"
            ],
            "users": null
          },
          "sensitive_attributes": [],
          "private": "bnVsbA==",
          "dependencies": [
            "snowflake_role.finance"
          ]
        }
      ]
    },
    {
      "mode": "managed",
      "type": "snowflake_role_grants",
      "name": "grant_roles_to_root",
      "provider": "provider[\"registry.terraform.io/snowflake-labs/snowflake\"]",
      "instances": [
        {
          "schema_version": 0,
          "attributes": {
            "enable_multiple_grants": false,
            "id": "svc_finance_dev_role||ATUL1140",
            "role_name": "svc_finance_dev_role",
            "roles": null,
            "users": [
              "ATUL1140"
            ]
          },
          "sensitive_attributes": [],
          "private": "bnVsbA==",
          "dependencies": [
            "snowflake_role.finance"
          ]
        }
      ]
    },
    {
      "mode": "managed",
      "type": "snowflake_role_grants",
      "name": "grant_roles_to_root_ad_bank",
      "provider": "provider[\"registry.terraform.io/snowflake-labs/snowflake\"]",
      "instances": [
        {
          "schema_version": 0,
          "attributes": {
            "enable_multiple_grants": false,
            "id": "AD_BANK_ANALYST||ATUL1140",
            "role_name": "AD_BANK_ANALYST",
            "roles": null,
            "users": [
              "ATUL1140"
            ]
          },
          "sensitive_attributes": [],
          "private": "bnVsbA=="
        }
      ]
    },
    {
      "mode": "managed",
      "type": "snowflake_role_grants",
      "name": "grant_roles_to_root_ad_finance",
      "provider": "provider[\"registry.terraform.io/snowflake-labs/snowflake\"]",
      "instances": [
        {
          "schema_version": 0,
          "attributes": {
            "enable_multiple_grants": false,
            "id": "AD_FINANCE_ANALYST||ATUL1140",
            "role_name": "AD_FINANCE_ANALYST",
            "roles": null,
            "users": [
              "ATUL1140"
            ]
          },
          "sensitive_attributes": [],
          "private": "bnVsbA=="
        }
      ]
    },
    {
      "mode": "managed",
      "type": "snowflake_role_grants",
      "name": "grant_roles_to_root_ad_groups",
      "provider": "provider[\"registry.terraform.io/snowflake-labs/snowflake\"]",
      "instances": [
        {
          "schema_version": 0,
          "attributes": {
            "enable_multiple_grants": false,
            "id": "AD_HR_ANALYST||ATUL1140",
            "role_name": "AD_HR_ANALYST",
            "roles": null,
            "users": [
              "ATUL1140"
            ]
          },
          "sensitive_attributes": [],
          "private": "bnVsbA=="
        }
      ]
    },
    {
      "mode": "managed",
      "type": "snowflake_role_grants",
      "name": "grant_roles_to_root_developer",
      "provider": "provider[\"registry.terraform.io/snowflake-labs/snowflake\"]",
      "instances": [
        {
          "schema_version": 0,
          "attributes": {
            "enable_multiple_grants": false,
            "id": "svc_rw_dev_role||ATUL1140",
            "role_name": "svc_rw_dev_role",
            "roles": null,
            "users": [
              "ATUL1140"
            ]
          },
          "sensitive_attributes": [],
          "private": "bnVsbA==",
          "dependencies": [
            "snowflake_role.developer"
          ]
        }
      ]
    },
    {
      "mode": "managed",
      "type": "snowflake_role_grants",
      "name": "grant_roles_to_root_hr",
      "provider": "provider[\"registry.terraform.io/snowflake-labs/snowflake\"]",
      "instances": [
        {
          "schema_version": 0,
          "attributes": {
            "enable_multiple_grants": false,
            "id": "svc_hr_dev_role||ATUL1140",
            "role_name": "svc_hr_dev_role",
            "roles": null,
            "users": [
              "ATUL1140"
            ]
          },
          "sensitive_attributes": [],
          "private": "bnVsbA==",
          "dependencies": [
            "snowflake_role.hr"
          ]
        }
      ]
    },
    {
      "mode": "managed",
      "type": "snowflake_role_grants",
      "name": "grant_roles_to_root_tranacation",
      "provider": "provider[\"registry.terraform.io/snowflake-labs/snowflake\"]",
      "instances": [
        {
          "schema_version": 0,
          "attributes": {
            "enable_multiple_grants": false,
            "id": "svc_transcation_dev_role||ATUL1140",
            "role_name": "svc_transcation_dev_role",
            "roles": null,
            "users": [
              "ATUL1140"
            ]
          },
          "sensitive_attributes": [],
          "private": "bnVsbA==",
          "dependencies": [
            "snowflake_role.tranacation"
          ]
        }
      ]
    },
    {
      "mode": "managed",
      "type": "snowflake_role_grants",
      "name": "hr_role",
      "provider": "provider[\"registry.terraform.io/snowflake-labs/snowflake\"]",
      "instances": [
        {
          "schema_version": 0,
          "attributes": {
            "enable_multiple_grants": false,
            "id": "svc_hr_dev_role|AD_HR_ANALYST|",
            "role_name": "svc_hr_dev_role",
            "roles": [
              "AD_HR_ANALYST"
            ],
            "users": null
          },
          "sensitive_attributes": [],
          "private": "bnVsbA==",
          "dependencies": [
            "snowflake_role.hr"
          ]
        }
      ]
    },
    {
      "mode": "managed",
      "type": "snowflake_role_grants",
      "name": "tranacation_role",
      "provider": "provider[\"registry.terraform.io/snowflake-labs/snowflake\"]",
      "instances": [
        {
          "schema_version": 0,
          "attributes": {
            "enable_multiple_grants": false,
            "id": "svc_transcation_dev_role|AD_BANK_ANALYST|",
            "role_name": "svc_transcation_dev_role",
            "roles": [
              "AD_BANK_ANALYST"
            ],
            "users": null
          },
          "sensitive_attributes": [],
          "private": "bnVsbA==",
          "dependencies": [
            "snowflake_role.tranacation"
          ]
        }
      ]
    },
    {
      "mode": "managed",
      "type": "snowflake_schema",
      "name": "analyst",
      "provider": "provider[\"registry.terraform.io/snowflake-labs/snowflake\"]",
      "instances": [
        {
          "schema_version": 0,
          "attributes": {
            "comment": "",
            "data_retention_days": -1,
            "database": "cdwdev",
            "id": "cdwdev|analyst",
            "is_managed": false,
            "is_transient": false,
            "name": "analyst",
            "tag": []
          },
          "sensitive_attributes": [],
          "private": "bnVsbA==",
          "dependencies": [
            "snowflake_database.cdwdev"
          ]
        }
      ]
    },
    {
      "mode": "managed",
      "type": "snowflake_schema",
      "name": "credit",
      "provider": "provider[\"registry.terraform.io/snowflake-labs/snowflake\"]",
      "instances": [
        {
          "schema_version": 0,
          "attributes": {
            "comment": "",
            "data_retention_days": -1,
            "database": "cdwdev",
            "id": "cdwdev|credit",
            "is_managed": false,
            "is_transient": false,
            "name": "credit",
            "tag": []
          },
          "sensitive_attributes": [],
          "private": "bnVsbA==",
          "dependencies": [
            "snowflake_database.cdwdev"
          ]
        }
      ]
    },
    {
      "mode": "managed",
      "type": "snowflake_schema",
      "name": "debit",
      "provider": "provider[\"registry.terraform.io/snowflake-labs/snowflake\"]",
      "instances": [
        {
          "schema_version": 0,
          "attributes": {
            "comment": "",
            "data_retention_days": -1,
            "database": "cdwdev",
            "id": "cdwdev|debit",
            "is_managed": false,
            "is_transient": false,
            "name": "debit",
            "tag": []
          },
          "sensitive_attributes": [],
          "private": "bnVsbA==",
          "dependencies": [
            "snowflake_database.cdwdev"
          ]
        }
      ]
    },
    {
      "mode": "managed",
      "type": "snowflake_schema",
      "name": "finance",
      "provider": "provider[\"registry.terraform.io/snowflake-labs/snowflake\"]",
      "instances": [
        {
          "schema_version": 0,
          "attributes": {
            "comment": "",
            "data_retention_days": -1,
            "database": "cdwdev",
            "id": "cdwdev|finance",
            "is_managed": false,
            "is_transient": false,
            "name": "finance",
            "tag": []
          },
          "sensitive_attributes": [],
          "private": "bnVsbA==",
          "dependencies": [
            "snowflake_database.cdwdev"
          ]
        }
      ]
    },
    {
      "mode": "managed",
      "type": "snowflake_schema",
      "name": "hr",
      "provider": "provider[\"registry.terraform.io/snowflake-labs/snowflake\"]",
      "instances": [
        {
          "schema_version": 0,
          "attributes": {
            "comment": "",
            "data_retention_days": -1,
            "database": "cdwdev",
            "id": "cdwdev|hr",
            "is_managed": false,
            "is_transient": false,
            "name": "hr",
            "tag": []
          },
          "sensitive_attributes": [],
          "private": "bnVsbA==",
          "dependencies": [
            "snowflake_database.cdwdev"
          ]
        }
      ]
    },
    {
      "mode": "managed",
      "type": "snowflake_schema_grant",
      "name": "schema_grant_credit",
      "provider": "provider[\"registry.terraform.io/snowflake-labs/snowflake\"]",
      "instances": [
        {
          "schema_version": 0,
          "attributes": {
            "database_name": "cdwdev",
            "enable_multiple_grants": false,
            "id": "cdwdev|credit|usage|true|false|false|svc_transcation_dev_role|",
            "on_all": false,
            "on_future": false,
            "privilege": "usage",
            "revert_ownership_to_role_name": null,
            "roles": [
              "svc_transcation_dev_role"
            ],
            "schema_name": "credit",
            "shares": null,
            "with_grant_option": true
          },
          "sensitive_attributes": [],
          "private": "bnVsbA==",
          "dependencies": [
            "snowflake_database.cdwdev",
            "snowflake_role.tranacation",
            "snowflake_schema.credit"
          ]
        }
      ]
    },
    {
      "mode": "managed",
      "type": "snowflake_schema_grant",
      "name": "schema_grant_credit_rw",
      "provider": "provider[\"registry.terraform.io/snowflake-labs/snowflake\"]",
      "instances": [
        {
          "schema_version": 0,
          "attributes": {
            "database_name": "cdwdev",
            "enable_multiple_grants": false,
            "id": "cdwdev|credit|ALL PRIVILEGES|true|false|false|svc_rw_dev_role|",
            "on_all": false,
            "on_future": false,
            "privilege": "ALL PRIVILEGES",
            "revert_ownership_to_role_name": null,
            "roles": [
              "svc_rw_dev_role"
            ],
            "schema_name": "credit",
            "shares": null,
            "with_grant_option": true
          },
          "sensitive_attributes": [],
          "private": "bnVsbA==",
          "dependencies": [
            "snowflake_database.cdwdev",
            "snowflake_role.developer",
            "snowflake_schema.credit"
          ]
        }
      ]
    },
    {
      "mode": "managed",
      "type": "snowflake_schema_grant",
      "name": "schema_grant_debit",
      "provider": "provider[\"registry.terraform.io/snowflake-labs/snowflake\"]",
      "instances": [
        {
          "schema_version": 0,
          "attributes": {
            "database_name": "cdwdev",
            "enable_multiple_grants": false,
            "id": "cdwdev|debit|usage|true|false|false|svc_transcation_dev_role|",
            "on_all": false,
            "on_future": false,
            "privilege": "usage",
            "revert_ownership_to_role_name": null,
            "roles": [
              "svc_transcation_dev_role"
            ],
            "schema_name": "debit",
            "shares": null,
            "with_grant_option": true
          },
          "sensitive_attributes": [],
          "private": "bnVsbA==",
          "dependencies": [
            "snowflake_database.cdwdev",
            "snowflake_role.tranacation",
            "snowflake_schema.debit"
          ]
        }
      ]
    },
    {
      "mode": "managed",
      "type": "snowflake_schema_grant",
      "name": "schema_grant_debit_rw",
      "provider": "provider[\"registry.terraform.io/snowflake-labs/snowflake\"]",
      "instances": [
        {
          "schema_version": 0,
          "attributes": {
            "database_name": "cdwdev",
            "enable_multiple_grants": false,
            "id": "cdwdev|debit|ALL PRIVILEGES|true|false|false|svc_rw_dev_role|",
            "on_all": false,
            "on_future": false,
            "privilege": "ALL PRIVILEGES",
            "revert_ownership_to_role_name": null,
            "roles": [
              "svc_rw_dev_role"
            ],
            "schema_name": "debit",
            "shares": null,
            "with_grant_option": true
          },
          "sensitive_attributes": [],
          "private": "bnVsbA==",
          "dependencies": [
            "snowflake_database.cdwdev",
            "snowflake_role.developer",
            "snowflake_schema.debit"
          ]
        }
      ]
    },
    {
      "mode": "managed",
      "type": "snowflake_schema_grant",
      "name": "schema_grant_finance",
      "provider": "provider[\"registry.terraform.io/snowflake-labs/snowflake\"]",
      "instances": [
        {
          "schema_version": 0,
          "attributes": {
            "database_name": "cdwdev",
            "enable_multiple_grants": false,
            "id": "cdwdev|finance|usage|true|false|false|svc_finance_dev_role|",
            "on_all": false,
            "on_future": false,
            "privilege": "usage",
            "revert_ownership_to_role_name": null,
            "roles": [
              "svc_finance_dev_role"
            ],
            "schema_name": "finance",
            "shares": null,
            "with_grant_option": true
          },
          "sensitive_attributes": [],
          "private": "bnVsbA==",
          "dependencies": [
            "snowflake_database.cdwdev",
            "snowflake_role.finance",
            "snowflake_schema.finance"
          ]
        }
      ]
    },
    {
      "mode": "managed",
      "type": "snowflake_schema_grant",
      "name": "schema_grant_finance_rw",
      "provider": "provider[\"registry.terraform.io/snowflake-labs/snowflake\"]",
      "instances": [
        {
          "schema_version": 0,
          "attributes": {
            "database_name": "cdwdev",
            "enable_multiple_grants": false,
            "id": "cdwdev|finance|ALL PRIVILEGES|true|false|false|svc_rw_dev_role|",
            "on_all": false,
            "on_future": false,
            "privilege": "ALL PRIVILEGES",
            "revert_ownership_to_role_name": null,
            "roles": [
              "svc_rw_dev_role"
            ],
            "schema_name": "finance",
            "shares": null,
            "with_grant_option": true
          },
          "sensitive_attributes": [],
          "private": "bnVsbA==",
          "dependencies": [
            "snowflake_database.cdwdev",
            "snowflake_role.developer",
            "snowflake_schema.finance"
          ]
        }
      ]
    },
    {
      "mode": "managed",
      "type": "snowflake_schema_grant",
      "name": "schema_grant_hr",
      "provider": "provider[\"registry.terraform.io/snowflake-labs/snowflake\"]",
      "instances": [
        {
          "schema_version": 0,
          "attributes": {
            "database_name": "cdwdev",
            "enable_multiple_grants": false,
            "id": "cdwdev|hr|usage|true|false|false|svc_hr_dev_role|",
            "on_all": false,
            "on_future": false,
            "privilege": "usage",
            "revert_ownership_to_role_name": null,
            "roles": [
              "svc_hr_dev_role"
            ],
            "schema_name": "hr",
            "shares": null,
            "with_grant_option": true
          },
          "sensitive_attributes": [],
          "private": "bnVsbA==",
          "dependencies": [
            "snowflake_database.cdwdev",
            "snowflake_role.hr",
            "snowflake_schema.hr"
          ]
        }
      ]
    },
    {
      "mode": "managed",
      "type": "snowflake_schema_grant",
      "name": "schema_grant_hr_rw",
      "provider": "provider[\"registry.terraform.io/snowflake-labs/snowflake\"]",
      "instances": [
        {
          "schema_version": 0,
          "attributes": {
            "database_name": "cdwdev",
            "enable_multiple_grants": false,
            "id": "cdwdev|hr|ALL PRIVILEGES|true|false|false|svc_rw_dev_role|",
            "on_all": false,
            "on_future": false,
            "privilege": "ALL PRIVILEGES",
            "revert_ownership_to_role_name": null,
            "roles": [
              "svc_rw_dev_role"
            ],
            "schema_name": "hr",
            "shares": null,
            "with_grant_option": true
          },
          "sensitive_attributes": [],
          "private": "bnVsbA==",
          "dependencies": [
            "snowflake_database.cdwdev",
            "snowflake_role.developer",
            "snowflake_schema.hr"
          ]
        }
      ]
    },
    {
      "mode": "managed",
      "type": "snowflake_user",
      "name": "etl",
      "provider": "provider[\"registry.terraform.io/snowflake-labs/snowflake\"]",
      "instances": [
        {
          "schema_version": 0,
          "attributes": {
            "comment": "",
            "default_namespace": "",
            "default_role": "",
            "default_secondary_roles": null,
            "default_warehouse": "",
            "disabled": false,
            "display_name": "svc_etl_deployment_dev_user",
            "email": "",
            "first_name": "",
            "has_rsa_public_key": false,
            "id": "svc_etl_deployment_dev_user",
            "last_name": "",
            "login_name": "SVC_ETL_DEPLOYMENT_DEV_USER",
            "must_change_password": null,
            "name": "svc_etl_deployment_dev_user",
            "password": "Qassword123!",
            "rsa_public_key": null,
            "rsa_public_key_2": null
          },
          "sensitive_attributes": [
            [
              {
                "type": "get_attr",
                "value": "last_name"
              }
            ],
            [
              {
                "type": "get_attr",
                "value": "name"
              }
            ],
            [
              {
                "type": "get_attr",
                "value": "display_name"
              }
            ],
            [
              {
                "type": "get_attr",
                "value": "email"
              }
            ],
            [
              {
                "type": "get_attr",
                "value": "first_name"
              }
            ],
            [
              {
                "type": "get_attr",
                "value": "password"
              }
            ]
          ],
          "private": "bnVsbA=="
        }
      ]
    }
  ],
  "check_results": null
}
